PODS:
  - Capacitor (6.0.0-rc.0):
    - CapacitorCordova
  - CapacitorBlobWriter (0.0.1):
    - Capacitor
    - GCDWebServer (~> 3.0)
  - CapacitorCordova (6.0.0-rc.0)
  - CapacitorFilesystem (6.0.0-rc.0):
    - Capacitor
  - GCDWebServer (3.5.4):
    - GCDWebServer/Core (= 3.5.4)
  - GCDWebServer/Core (3.5.4)

DEPENDENCIES:
  - "Capacitor (from `../../node_modules/@capacitor/ios`)"
  - CapacitorBlobWriter (from `../../..`)
  - "CapacitorCordova (from `../../node_modules/@capacitor/ios`)"
  - "CapacitorFilesystem (from `../../node_modules/@capacitor/filesystem`)"

SPEC REPOS:
  trunk:
    - GCDWebServer

EXTERNAL SOURCES:
  Capacitor:
    :path: "../../node_modules/@capacitor/ios"
  CapacitorBlobWriter:
    :path: "../../.."
  CapacitorCordova:
    :path: "../../node_modules/@capacitor/ios"
  CapacitorFilesystem:
    :path: "../../node_modules/@capacitor/filesystem"

SPEC CHECKSUMS:
  Capacitor: c5b8b4e73032b078db259f1bbe71afd09fd84250
  CapacitorBlobWriter: 110eeaf80611f19bf01a8a05ff3672149ed0baad
  CapacitorCordova: e8930c71b1bf90e793253f3057b3354a88ed83b3
  CapacitorFilesystem: bdaae310d07dfdf0c0c0632746e03ba9648623ee
  GCDWebServer: 2c156a56c8226e2d5c0c3f208a3621ccffbe3ce4

PODFILE CHECKSUM: 0d60206ee4283d9cd83cbdccc02b4cab4ad80b35

COCOAPODS: 1.12.0
